
Microsoft Visual Studio Solution File, Format Version 12.00
# Visual Studio Version 16
VisualStudioVersion = 16.0.30611.23
MinimumVisualStudioVersion = 10.0.40219.1
Project("{FAE04EC0-301F-11D3-BF4B-00C04F79EFBC}") = "1clickLogin", "1clickLogin\1clickLogin.csproj", "{DAACA7A8-1227-47B9-AC0E-2E431AC69BB3}"
EndProject
Global
	GlobalSection(SolutionConfigurationPlatforms) = preSolution
		Debug|Any CPU = Debug|Any CPU
		Release|Any CPU = Release|Any CPU
	EndGlobalSection
	GlobalSection(ProjectConfigurationPlatforms) = postSolution
		{DAACA7A8-1227-47B9-AC0E-2E431AC69BB3}.Debug|Any CPU.ActiveCfg = Debug|Any CPU
		{DAACA7A8-1227-47B9-AC0E-2E431AC69BB3}.Debug|Any CPU.Build.0 = Debug|Any CPU
		{DAACA7A8-1227-47B9-AC0E-2E431AC69BB3}.Release|Any CPU.ActiveCfg = Release|Any CPU
		{DAACA7A8-1227-47B9-AC0E-2E431AC69BB3}.Release|Any CPU.Build.0 = Release|Any CPU
	EndGlobalSection
	GlobalSection(SolutionProperties) = preSolution
		HideSolutionNode = FALSE
	EndGlobalSection
	GlobalSection(ExtensibilityGlobals) = postSolution
		SolutionGuid = {9765ACFA-0BE9-42A7-909C-E1AB5402D8E1}
	EndGlobalSection
EndGlobal
